{
  "name": "sjs",
  "version": "1.0.1",
  "lockfileVersion": 1,
  "requires": true,
  "dependencies": {
    "body-parser": {
      "version": "1.15.0",
      "resolved": "https://registry.npmjs.org/body-parser/-/body-parser-1.15.0.tgz",
      "integrity": "sha1-gWirrq+ed+MA97Ou9N9LRumyGzU=",
      "requires": {
        "bytes": "2.2.0",
        "content-type": "~1.0.1",
        "debug": "~2.2.0",
        "depd": "~1.1.0",
        "http-errors": "~1.4.0",
        "iconv-lite": "0.4.13",
        "on-finished": "~2.3.0",
        "qs": "6.1.0",
        "raw-body": "~2.1.5",
        "type-is": "~1.6.11"
      },
      "dependencies": {
        "bytes": {
          "version": "2.2.0",
          "resolved": "https://registry.npmjs.org/bytes/-/bytes-2.2.0.tgz",
          "integrity": "sha1-/TVGSkA/b5EXwt42Cez/nK4ABYg="
        },
        "content-type": {
          "version": "1.0.1",
          "resolved": "https://registry.npmjs.org/content-type/-/content-type-1.0.1.tgz",
          "integrity": "sha1-oZ0iRzJ9wDgFDOYit6FU7FnF5gA="
        },
        "debug": {
          "version": "2.2.0",
          "resolved": "https://registry.npmjs.org/debug/-/debug-2.2.0.tgz",
          "integrity": "sha1-+HBX6ZWxofauaklgZkE3vFbwOdo=",
          "requires": {
            "ms": "0.7.1"
          },
          "dependencies": {
            "ms": {
              "version": "0.7.1",
              "resolved": "https://registry.npmjs.org/ms/-/ms-0.7.1.tgz",
              "integrity": "sha1-nNE8A62/8ltl7/3nzoZO6VIBcJg="
            }
          }
        },
        "depd": {
          "version": "1.1.0",
          "resolved": "https://registry.npmjs.org/depd/-/depd-1.1.0.tgz",
          "integrity": "sha1-4b2Cxqq2ztlluXuIsX7T5SjKGMM="
        },
        "http-errors": {
          "version": "1.4.0",
          "resolved": "https://registry.npmjs.org/http-errors/-/http-errors-1.4.0.tgz",
          "integrity": "sha1-bAJC3qaz33r9oVPHEImzHG6Cqr8=",
          "requires": {
            "inherits": "2.0.1",
            "statuses": ">= 1.2.1 < 2"
          },
          "dependencies": {
            "inherits": {
              "version": "2.0.1",
              "resolved": "https://registry.npmjs.org/inherits/-/inherits-2.0.1.tgz",
              "integrity": "sha1-sX0I0ya0Qj5Wjv9xn5GwscvfafE="
            },
            "statuses": {
              "version": "1.2.1",
              "resolved": "https://registry.npmjs.org/statuses/-/statuses-1.2.1.tgz",
              "integrity": "sha1-3e1FzBglbVHtQK7BQkidXGECbSg="
            }
          }
        },
        "iconv-lite": {
          "version": "0.4.13",
          "resolved": "https://registry.npmjs.org/iconv-lite/-/iconv-lite-0.4.13.tgz",
          "integrity": "sha1-H4irpKsLFQjoMSrMOTRfNumS4vI="
        },
        "on-finished": {
          "version": "2.3.0",
          "resolved": "https://registry.npmjs.org/on-finished/-/on-finished-2.3.0.tgz",
          "integrity": "sha1-IPEzZIGwg811M3mSoWlxqi2QaUc=",
          "requires": {
            "ee-first": "1.1.1"
          },
          "dependencies": {
            "ee-first": {
              "version": "1.1.1",
              "resolved": "https://registry.npmjs.org/ee-first/-/ee-first-1.1.1.tgz",
              "integrity": "sha1-WQxhFWsK4vTwJVcyoViyZrxWsh0="
            }
          }
        },
        "qs": {
          "version": "6.1.0",
          "resolved": "https://registry.npmjs.org/qs/-/qs-6.1.0.tgz",
          "integrity": "sha1-7B0WJrJCeNmfD99FSeUk4k7O6yY="
        },
        "raw-body": {
          "version": "2.1.6",
          "resolved": "https://registry.npmjs.org/raw-body/-/raw-body-2.1.6.tgz",
          "integrity": "sha1-nAUHN/4HztbZSk/QnGG2rYdNMQ8=",
          "requires": {
            "bytes": "2.3.0",
            "iconv-lite": "0.4.13",
            "unpipe": "1.0.0"
          },
          "dependencies": {
            "bytes": {
              "version": "2.3.0",
              "resolved": "https://registry.npmjs.org/bytes/-/bytes-2.3.0.tgz",
              "integrity": "sha1-1baAoWW2IBc5rLYRVCqrwtjOsHA="
            },
            "unpipe": {
              "version": "1.0.0",
              "resolved": "https://registry.npmjs.org/unpipe/-/unpipe-1.0.0.tgz",
              "integrity": "sha1-sr9O6FFKrmFltIF4KdIbLvSZBOw="
            }
          }
        },
        "type-is": {
          "version": "1.6.12",
          "resolved": "https://registry.npmjs.org/type-is/-/type-is-1.6.12.tgz",
          "integrity": "sha1-A1Kp37//BA/maMwVPMlYKcNUFz4=",
          "requires": {
            "media-typer": "0.3.0",
            "mime-types": "~2.1.10"
          },
          "dependencies": {
            "media-typer": {
              "version": "0.3.0",
              "resolved": "https://registry.npmjs.org/media-typer/-/media-typer-0.3.0.tgz",
              "integrity": "sha1-hxDXrwqmJvj/+hzgAWhUUmMlV0g="
            },
            "mime-types": {
              "version": "2.1.10",
              "resolved": "https://registry.npmjs.org/mime-types/-/mime-types-2.1.10.tgz",
              "integrity": "sha1-uTx8tDYuFtQQcqflRTj7TUMHCDc=",
              "requires": {
                "mime-db": "~1.22.0"
              },
              "dependencies": {
                "mime-db": {
                  "version": "1.22.0",
                  "resolved": "https://registry.npmjs.org/mime-db/-/mime-db-1.22.0.tgz",
                  "integrity": "sha1-qyOmNy3J2G09yRIb0OvTgQWhkEo="
                }
              }
            }
          }
        }
      }
    },
    "ejs": {
      "version": "2.4.1",
      "resolved": "https://registry.npmjs.org/ejs/-/ejs-2.4.1.tgz",
      "integrity": "sha1-guFbGyoflIsYCXR2uivXxm9NFWY="
    },
    "express": {
      "version": "3.4.8",
      "resolved": "https://registry.npmjs.org/express/-/express-3.4.8.tgz",
      "integrity": "sha1-qnqJht4HBTM39Lxe2aZFPZzI4uE=",
      "requires": {
        "buffer-crc32": "0.2.1",
        "commander": "1.3.2",
        "connect": "2.12.0",
        "cookie": "0.1.0",
        "cookie-signature": "1.0.1",
        "debug": ">= 0.7.3 < 1",
        "fresh": "0.2.0",
        "merge-descriptors": "0.0.1",
        "methods": "0.1.0",
        "mkdirp": "0.3.5",
        "range-parser": "0.0.4",
        "send": "0.1.4"
      },
      "dependencies": {
        "buffer-crc32": {
          "version": "0.2.1",
          "resolved": "https://registry.npmjs.org/buffer-crc32/-/buffer-crc32-0.2.1.tgz",
          "integrity": "sha1-vj5TgvwCttYySVasGvmKqYsIU0w="
        },
        "commander": {
          "version": "1.3.2",
          "resolved": "https://registry.npmjs.org/commander/-/commander-1.3.2.tgz",
          "integrity": "sha1-io8w7GcKb91kr1LxkUuQfXnq1bU=",
          "requires": {
            "keypress": "0.1.x"
          },
          "dependencies": {
            "keypress": {
              "version": "0.1.0",
              "resolved": "https://registry.npmjs.org/keypress/-/keypress-0.1.0.tgz",
              "integrity": "sha1-SjGI1CkbZrT2XtuZ+AaqmuKTWSo="
            }
          }
        },
        "connect": {
          "version": "2.12.0",
          "resolved": "https://registry.npmjs.org/connect/-/connect-2.12.0.tgz",
          "integrity": "sha1-Mdj6DcrN8ZCNgivSkjvootKn7Zo=",
          "requires": {
            "batch": "0.5.0",
            "buffer-crc32": "0.2.1",
            "bytes": "0.2.1",
            "cookie": "0.1.0",
            "cookie-signature": "1.0.1",
            "debug": ">= 0.7.3 < 1",
            "fresh": "0.2.0",
            "methods": "0.1.0",
            "multiparty": "2.2.0",
            "negotiator": "0.3.0",
            "pause": "0.0.1",
            "qs": "0.6.6",
            "raw-body": "1.1.2",
            "send": "0.1.4",
            "uid2": "0.0.3"
          },
          "dependencies": {
            "batch": {
              "version": "0.5.0",
              "resolved": "https://registry.npmjs.org/batch/-/batch-0.5.0.tgz",
              "integrity": "sha1-/S4Fp6XWlrTbkxQBPihdj/NVfsM="
            },
            "bytes": {
              "version": "0.2.1",
              "resolved": "https://registry.npmjs.org/bytes/-/bytes-0.2.1.tgz",
              "integrity": "sha1-VVsIq8sGP4l1kFMCUj5M1P/f3zE="
            },
            "multiparty": {
              "version": "2.2.0",
              "resolved": "https://registry.npmjs.org/multiparty/-/multiparty-2.2.0.tgz",
              "integrity": "sha1-pWfCrwAK0i3I8qZT2Rl4rh9TFvQ=",
              "requires": {
                "readable-stream": "~1.1.9",
                "stream-counter": "~0.2.0"
              },
              "dependencies": {
                "readable-stream": {
                  "version": "1.1.13",
                  "resolved": "https://registry.npmjs.org/readable-stream/-/readable-stream-1.1.13.tgz",
                  "integrity": "sha1-9u73ZPUUyJ4rniMUanW6EGdW0j4=",
                  "requires": {
                    "core-util-is": "~1.0.0",
                    "inherits": "~2.0.1",
                    "isarray": "0.0.1",
                    "string_decoder": "~0.10.x"
                  },
                  "dependencies": {
                    "core-util-is": {
                      "version": "1.0.2",
                      "resolved": "https://registry.npmjs.org/core-util-is/-/core-util-is-1.0.2.tgz",
                      "integrity": "sha1-tf1UIgqivFq1eqtxQMlAdUUDwac="
                    },
                    "inherits": {
                      "version": "2.0.1",
                      "resolved": "https://registry.npmjs.org/inherits/-/inherits-2.0.1.tgz",
                      "integrity": "sha1-sX0I0ya0Qj5Wjv9xn5GwscvfafE="
                    },
                    "isarray": {
                      "version": "0.0.1",
                      "resolved": "https://registry.npmjs.org/isarray/-/isarray-0.0.1.tgz",
                      "integrity": "sha1-ihis/Kmo9Bd+Cav8YDiTmwXR7t8="
                    },
                    "string_decoder": {
                      "version": "0.10.31",
                      "resolved": "https://registry.npmjs.org/string_decoder/-/string_decoder-0.10.31.tgz",
                      "integrity": "sha1-YuIDvEF2bGwoyfyEMB2rHFMQ+pQ="
                    }
                  }
                },
                "stream-counter": {
                  "version": "0.2.0",
                  "resolved": "https://registry.npmjs.org/stream-counter/-/stream-counter-0.2.0.tgz",
                  "integrity": "sha1-3tJmVWMZyLDiIoErnPOyb6fZR94=",
                  "requires": {
                    "readable-stream": "~1.1.8"
                  }
                }
              }
            },
            "negotiator": {
              "version": "0.3.0",
              "resolved": "https://registry.npmjs.org/negotiator/-/negotiator-0.3.0.tgz",
              "integrity": "sha1-cG1pLv7d9XTVfqn7GriaT6fuj2A="
            },
            "pause": {
              "version": "0.0.1",
              "resolved": "https://registry.npmjs.org/pause/-/pause-0.0.1.tgz",
              "integrity": "sha1-HUCLP9t2kjuVQ9lvtMnf1TXZy10="
            },
            "qs": {
              "version": "0.6.6",
              "resolved": "https://registry.npmjs.org/qs/-/qs-0.6.6.tgz",
              "integrity": "sha1-bgFQmP9RlouKPIGQAdXyyJvEsQc="
            },
            "raw-body": {
              "version": "1.1.2",
              "resolved": "https://registry.npmjs.org/raw-body/-/raw-body-1.1.2.tgz",
              "integrity": "sha1-x0swBN6l3v0WlhcRBqx0DsMdYr4=",
              "requires": {
                "bytes": "~0.2.1"
              }
            },
            "uid2": {
              "version": "0.0.3",
              "resolved": "https://registry.npmjs.org/uid2/-/uid2-0.0.3.tgz",
              "integrity": "sha1-SDEm4Rd03y9xuLY53NeZw3YWK4I="
            }
          }
        },
        "cookie": {
          "version": "0.1.0",
          "resolved": "https://registry.npmjs.org/cookie/-/cookie-0.1.0.tgz",
          "integrity": "sha1-kOtGndzpBchm3mh+/EMTHYgB+dA="
        },
        "cookie-signature": {
          "version": "1.0.1",
          "resolved": "https://registry.npmjs.org/cookie-signature/-/cookie-signature-1.0.1.tgz",
          "integrity": "sha1-ROByFIrwHm6OJK+/EmkNaK5pjss="
        },
        "debug": {
          "version": "0.8.1",
          "resolved": "https://registry.npmjs.org/debug/-/debug-0.8.1.tgz",
          "integrity": "sha1-IP9NJvXkIstoobrLu2EDmtjBwTA="
        },
        "fresh": {
          "version": "0.2.0",
          "resolved": "https://registry.npmjs.org/fresh/-/fresh-0.2.0.tgz",
          "integrity": "sha1-v9lALPPfEsSkwxDHn5mj3eE9NKc="
        },
        "merge-descriptors": {
          "version": "0.0.1",
          "resolved": "https://registry.npmjs.org/merge-descriptors/-/merge-descriptors-0.0.1.tgz",
          "integrity": "sha1-L/CYDJJM+B0LXR+2ARd8uLtWwNA="
        },
        "methods": {
          "version": "0.1.0",
          "resolved": "https://registry.npmjs.org/methods/-/methods-0.1.0.tgz",
          "integrity": "sha1-M11Cnu/SG3us8unJIqjSvRSjDk8="
        },
        "mkdirp": {
          "version": "0.3.5",
          "resolved": "https://registry.npmjs.org/mkdirp/-/mkdirp-0.3.5.tgz",
          "integrity": "sha1-3j5fiWHIjHh+4TaN+EmsRBPsqNc="
        },
        "range-parser": {
          "version": "0.0.4",
          "resolved": "https://registry.npmjs.org/range-parser/-/range-parser-0.0.4.tgz",
          "integrity": "sha1-wEJ//vUcEKy6B4KkbJYC50T/Ygs="
        },
        "send": {
          "version": "0.1.4",
          "resolved": "https://registry.npmjs.org/send/-/send-0.1.4.tgz",
          "integrity": "sha1-vnDY0b4B3mGCGvE3gLUDRaT3Gr0=",
          "requires": {
            "debug": "*",
            "fresh": "0.2.0",
            "mime": "~1.2.9",
            "range-parser": "0.0.4"
          },
          "dependencies": {
            "mime": {
              "version": "1.2.11",
              "resolved": "https://registry.npmjs.org/mime/-/mime-1.2.11.tgz",
              "integrity": "sha1-WCA+7Ybjpe8XrtK32evUfwpg3RA="
            }
          }
        }
      }
    }
  }
}
